
Microsoft Visual Studio Solution File, Format Version 12.00
# Visual Studio Version 17
VisualStudioVersion = 17.2.32616.157
MinimumVisualStudioVersion = 10.0.40219.1
Project("{FAE04EC0-301F-11D3-BF4B-00C04F79EFBC}") = "Projeto02", "Projeto02\Projeto02.csproj", "{3E2B7AB6-8E49-4CB4-951B-526AA3B4FA18}"
EndProject
Global
	GlobalSection(SolutionConfigurationPlatforms) = preSolution
		Debug|Any CPU = Debug|Any CPU
		Release|Any CPU = Release|Any CPU
	EndGlobalSection
	GlobalSection(ProjectConfigurationPlatforms) = postSolution
		{3E2B7AB6-8E49-4CB4-951B-526AA3B4FA18}.Debug|Any CPU.ActiveCfg = Debug|Any CPU
		{3E2B7AB6-8E49-4CB4-951B-526AA3B4FA18}.Debug|Any CPU.Build.0 = Debug|Any CPU
		{3E2B7AB6-8E49-4CB4-951B-526AA3B4FA18}.Release|Any CPU.ActiveCfg = Release|Any CPU
		{3E2B7AB6-8E49-4CB4-951B-526AA3B4FA18}.Release|Any CPU.Build.0 = Release|Any CPU
	EndGlobalSection
	GlobalSection(SolutionProperties) = preSolution
		HideSolutionNode = FALSE
	EndGlobalSection
	GlobalSection(ExtensibilityGlobals) = postSolution
		SolutionGuid = {CD46F9E9-633E-4B96-83A3-4423605AF6EA}
	EndGlobalSection
EndGlobal
